<?xml version="1.0" encoding="UTF-8" standalone="yes" ?>
<CodeBlocks_project_file>
	<FileVersion major="1" minor="6" />
	<Project>
		<Option title="stm32_usb_flasher" />
		<Option pch_mode="2" />
		<Option compiler="gcc" />
		<Build>
			<Target title="Debug">
				<Option output="bin/Debug/stm32_usb_flasher" prefix_auto="1" extension_auto="1" />
				<Option object_output="obj/Debug/" />
				<Option type="1" />
				<Option compiler="gcc" />
				<Compiler>
					<Add option="-g" />
				</Compiler>
			</Target>
			<Target title="Release">
				<Option output="bin/Release/stm32_usb_flasher" prefix_auto="1" extension_auto="1" />
				<Option object_output="obj/Release/" />
				<Option type="1" />
				<Option compiler="gcc" />
				<Compiler>
					<Add option="-O2" />
				</Compiler>
				<Linker>
					<Add option="-s" />
				</Linker>
			</Target>
		</Build>
		<Compiler>
			<Add option="-Wall" />
			<Add directory="include" />
			<Add directory="/usr/include/libusb-1.0" />
		</Compiler>
		<Linker>
			<Add option="-lusb-1.0" />
		</Linker>
		<Unit filename="include/dfu.h" />
		<Unit filename="include/dfu_file.h" />
		<Unit filename="include/dfu_load.h" />
		<Unit filename="include/dfu_util.h" />
		<Unit filename="include/dfuse.h" />
		<Unit filename="include/dfuse_mem.h" />
		<Unit filename="include/portable.h" />
		<Unit filename="include/quirks.h" />
		<Unit filename="include/usb_dfu.h" />
		<Unit filename="src/dfu.c">
			<Option compilerVar="CC" />
		</Unit>
		<Unit filename="src/dfu_file.c">
			<Option compilerVar="CC" />
		</Unit>
		<Unit filename="src/dfu_load.c">
			<Option compilerVar="CC" />
		</Unit>
		<Unit filename="src/dfu_util.c">
			<Option compilerVar="CC" />
		</Unit>
		<Unit filename="src/dfuse.c">
			<Option compilerVar="CC" />
		</Unit>
		<Unit filename="src/dfuse_mem.c">
			<Option compilerVar="CC" />
		</Unit>
		<Unit filename="src/main.c">
			<Option compilerVar="CC" />
		</Unit>
		<Unit filename="src/prefix.c">
			<Option compilerVar="CC" />
			<Option compile="0" />
			<Option link="0" />
		</Unit>
		<Unit filename="src/quirks.c">
			<Option compilerVar="CC" />
		</Unit>
		<Unit filename="src/suffix.c">
			<Option compilerVar="CC" />
			<Option compile="0" />
			<Option link="0" />
		</Unit>
		<Extensions>
			<code_completion />
			<debugger />
		</Extensions>
	</Project>
</CodeBlocks_project_file>
